
Microsoft Visual Studio Solution File, Format Version 12.00
# Visual Studio Version 17
VisualStudioVersion = 17.12.35527.113 d17.12
MinimumVisualStudioVersion = 10.0.40219.1
Project("{FAE04EC0-301F-11D3-BF4B-00C04F79EFBC}") = "Parallel_Ex", "Parallel_Ex.csproj", "{08816E2B-0B01-4B76-BBD3-B19B56C95945}"
EndProject
Global
	GlobalSection(SolutionConfigurationPlatforms) = preSolution
		Debug|Any CPU = Debug|Any CPU
		Release|Any CPU = Release|Any CPU
	EndGlobalSection
	GlobalSection(ProjectConfigurationPlatforms) = postSolution
		{08816E2B-0B01-4B76-BBD3-B19B56C95945}.Debug|Any CPU.ActiveCfg = Debug|Any CPU
		{08816E2B-0B01-4B76-BBD3-B19B56C95945}.Debug|Any CPU.Build.0 = Debug|Any CPU
		{08816E2B-0B01-4B76-BBD3-B19B56C95945}.Release|Any CPU.ActiveCfg = Release|Any CPU
		{08816E2B-0B01-4B76-BBD3-B19B56C95945}.Release|Any CPU.Build.0 = Release|Any CPU
	EndGlobalSection
	GlobalSection(SolutionProperties) = preSolution
		HideSolutionNode = FALSE
	EndGlobalSection
EndGlobal
